
Microsoft Visual Studio Solution File, Format Version 12.00
# Visual Studio Version 18
VisualStudioVersion = 18.3.11520.95 d18.3
MinimumVisualStudioVersion = 10.0.40219.1
Project("{FAE04EC0-301F-11D3-BF4B-00C04F79EFBC}") = "Bagrut2025_271_LinkedNodes", "Bagrut2025_271_LinkedNodes.csproj", "{D29FF8F8-06A4-40AC-9AB8-424F4F1363EF}"
EndProject
Global
	GlobalSection(SolutionConfigurationPlatforms) = preSolution
		Debug|Any CPU = Debug|Any CPU
		Release|Any CPU = Release|Any CPU
	EndGlobalSection
	GlobalSection(ProjectConfigurationPlatforms) = postSolution
		{D29FF8F8-06A4-40AC-9AB8-424F4F1363EF}.Debug|Any CPU.ActiveCfg = Debug|Any CPU
		{D29FF8F8-06A4-40AC-9AB8-424F4F1363EF}.Debug|Any CPU.Build.0 = Debug|Any CPU
		{D29FF8F8-06A4-40AC-9AB8-424F4F1363EF}.Release|Any CPU.ActiveCfg = Release|Any CPU
		{D29FF8F8-06A4-40AC-9AB8-424F4F1363EF}.Release|Any CPU.Build.0 = Release|Any CPU
	EndGlobalSection
	GlobalSection(SolutionProperties) = preSolution
		HideSolutionNode = FALSE
	EndGlobalSection
	GlobalSection(ExtensibilityGlobals) = postSolution
		SolutionGuid = {F1AB25F1-57CD-4DE2-AABD-4E5DF167FE79}
	EndGlobalSection
EndGlobal
